
Microsoft Visual Studio Solution File, Format Version 12.00
# Visual Studio Version 17
VisualStudioVersion = 17.11.35312.102
MinimumVisualStudioVersion = 10.0.40219.1
Project("{FAE04EC0-301F-11D3-BF4B-00C04F79EFBC}") = "MVC", "MVC\MVC.csproj", "{724C37E2-28DD-46B5-9555-75C3047B1C3C}"
EndProject
Global
	GlobalSection(SolutionConfigurationPlatforms) = preSolution
		Debug|Any CPU = Debug|Any CPU
		Release|Any CPU = Release|Any CPU
	EndGlobalSection
	GlobalSection(ProjectConfigurationPlatforms) = postSolution
		{724C37E2-28DD-46B5-9555-75C3047B1C3C}.Debug|Any CPU.ActiveCfg = Debug|Any CPU
		{724C37E2-28DD-46B5-9555-75C3047B1C3C}.Debug|Any CPU.Build.0 = Debug|Any CPU
		{724C37E2-28DD-46B5-9555-75C3047B1C3C}.Release|Any CPU.ActiveCfg = Release|Any CPU
		{724C37E2-28DD-46B5-9555-75C3047B1C3C}.Release|Any CPU.Build.0 = Release|Any CPU
	EndGlobalSection
	GlobalSection(SolutionProperties) = preSolution
		HideSolutionNode = FALSE
	EndGlobalSection
	GlobalSection(ExtensibilityGlobals) = postSolution
		SolutionGuid = {76E6A82A-A0FE-4CC4-9DA9-029AFEF626A4}
	EndGlobalSection
EndGlobal
